
Microsoft Visual Studio Solution File, Format Version 12.00
# Visual Studio 15
VisualStudioVersion = 15.0.27130.2003
MinimumVisualStudioVersion = 10.0.40219.1
Project("{FAE04EC0-301F-11D3-BF4B-00C04F79EFBC}") = "Exp1", "Exp1\Exp1.csproj", "{68A6CEC4-5198-4901-ADD9-4D356EEBF086}"
EndProject
Project("{FAE04EC0-301F-11D3-BF4B-00C04F79EFBC}") = "xNetTest", "Test\NetTest\xNetTest.csproj", "{310D2004-476E-4FD4-AC70-8B52C9C1458B}"
EndProject
Project("{FAE04EC0-301F-11D3-BF4B-00C04F79EFBC}") = "Timer2", "source\NetPatterns\Timer2\Timer2.csproj", "{3DE5E6AC-5C9C-40B6-9396-9068C9ED8C8A}"
EndProject
Project("{FAE04EC0-301F-11D3-BF4B-00C04F79EFBC}") = "NetPatterns", "source\NetPatterns\NetPatterns\NetPatterns.csproj", "{F0FDDC45-0DA1-47DA-811A-BFCE26558E4E}"
EndProject
Project("{FAE04EC0-301F-11D3-BF4B-00C04F79EFBC}") = "xComPortTest", "ComPortTest\xComPortTest.csproj", "{801C7E5E-B6B5-4D9A-A8C3-71A5EDA689F7}"
EndProject
Project("{F088123C-0E9E-452A-89E6-6BA2F21D5CAC}") = "DependencyValidation1", "DependencyValidation1\DependencyValidation1.modelproj", "{575F10AE-41D6-42CC-9685-FE7B49FCDFA0}"
EndProject
Global
	GlobalSection(SolutionConfigurationPlatforms) = preSolution
		Debug|Any CPU = Debug|Any CPU
		Release|Any CPU = Release|Any CPU
	EndGlobalSection
	GlobalSection(ProjectConfigurationPlatforms) = postSolution
		{68A6CEC4-5198-4901-ADD9-4D356EEBF086}.Debug|Any CPU.ActiveCfg = Debug|Any CPU
		{68A6CEC4-5198-4901-ADD9-4D356EEBF086}.Debug|Any CPU.Build.0 = Debug|Any CPU
		{68A6CEC4-5198-4901-ADD9-4D356EEBF086}.Release|Any CPU.ActiveCfg = Release|Any CPU
		{68A6CEC4-5198-4901-ADD9-4D356EEBF086}.Release|Any CPU.Build.0 = Release|Any CPU
		{310D2004-476E-4FD4-AC70-8B52C9C1458B}.Debug|Any CPU.ActiveCfg = Debug|Any CPU
		{310D2004-476E-4FD4-AC70-8B52C9C1458B}.Debug|Any CPU.Build.0 = Debug|Any CPU
		{310D2004-476E-4FD4-AC70-8B52C9C1458B}.Release|Any CPU.ActiveCfg = Release|Any CPU
		{310D2004-476E-4FD4-AC70-8B52C9C1458B}.Release|Any CPU.Build.0 = Release|Any CPU
		{3DE5E6AC-5C9C-40B6-9396-9068C9ED8C8A}.Debug|Any CPU.ActiveCfg = Debug|Any CPU
		{3DE5E6AC-5C9C-40B6-9396-9068C9ED8C8A}.Debug|Any CPU.Build.0 = Debug|Any CPU
		{3DE5E6AC-5C9C-40B6-9396-9068C9ED8C8A}.Release|Any CPU.ActiveCfg = Release|Any CPU
		{3DE5E6AC-5C9C-40B6-9396-9068C9ED8C8A}.Release|Any CPU.Build.0 = Release|Any CPU
		{F0FDDC45-0DA1-47DA-811A-BFCE26558E4E}.Debug|Any CPU.ActiveCfg = Debug|Any CPU
		{F0FDDC45-0DA1-47DA-811A-BFCE26558E4E}.Debug|Any CPU.Build.0 = Debug|Any CPU
		{F0FDDC45-0DA1-47DA-811A-BFCE26558E4E}.Release|Any CPU.ActiveCfg = Release|Any CPU
		{F0FDDC45-0DA1-47DA-811A-BFCE26558E4E}.Release|Any CPU.Build.0 = Release|Any CPU
		{801C7E5E-B6B5-4D9A-A8C3-71A5EDA689F7}.Debug|Any CPU.ActiveCfg = Debug|Any CPU
		{801C7E5E-B6B5-4D9A-A8C3-71A5EDA689F7}.Debug|Any CPU.Build.0 = Debug|Any CPU
		{801C7E5E-B6B5-4D9A-A8C3-71A5EDA689F7}.Release|Any CPU.ActiveCfg = Release|Any CPU
		{801C7E5E-B6B5-4D9A-A8C3-71A5EDA689F7}.Release|Any CPU.Build.0 = Release|Any CPU
		{575F10AE-41D6-42CC-9685-FE7B49FCDFA0}.Debug|Any CPU.ActiveCfg = Debug|Any CPU
		{575F10AE-41D6-42CC-9685-FE7B49FCDFA0}.Debug|Any CPU.Build.0 = Debug|Any CPU
		{575F10AE-41D6-42CC-9685-FE7B49FCDFA0}.Release|Any CPU.ActiveCfg = Release|Any CPU
		{575F10AE-41D6-42CC-9685-FE7B49FCDFA0}.Release|Any CPU.Build.0 = Release|Any CPU
	EndGlobalSection
	GlobalSection(SolutionProperties) = preSolution
		HideSolutionNode = FALSE
	EndGlobalSection
	GlobalSection(ExtensibilityGlobals) = postSolution
		SolutionGuid = {995A856E-D257-41F6-A913-7C2B1DCE2001}
	EndGlobalSection
EndGlobal
